
Microsoft Visual Studio Solution File, Format Version 11.00
# Visual Studio 2010
Project("{FAE04EC0-301F-11D3-BF4B-00C04F79EFBC}") = "EFwithHttpModuleTZ", "EFwithHttpModuleTZ\EFwithHttpModuleTZ.csproj", "{C7B96D62-9D57-40D6-A280-90EB3BB807F4}"
EndProject
Project("{FAE04EC0-301F-11D3-BF4B-00C04F79EFBC}") = "SampleDAL", "SampleDAL\SampleDAL.csproj", "{DFA09CE5-6EC4-4324-B698-0BCDF304E9F1}"
EndProject
Global
	GlobalSection(SolutionConfigurationPlatforms) = preSolution
		Debug|Any CPU = Debug|Any CPU
		Release|Any CPU = Release|Any CPU
	EndGlobalSection
	GlobalSection(ProjectConfigurationPlatforms) = postSolution
		{C7B96D62-9D57-40D6-A280-90EB3BB807F4}.Debug|Any CPU.ActiveCfg = Debug|Any CPU
		{C7B96D62-9D57-40D6-A280-90EB3BB807F4}.Debug|Any CPU.Build.0 = Debug|Any CPU
		{C7B96D62-9D57-40D6-A280-90EB3BB807F4}.Release|Any CPU.ActiveCfg = Release|Any CPU
		{C7B96D62-9D57-40D6-A280-90EB3BB807F4}.Release|Any CPU.Build.0 = Release|Any CPU
		{DFA09CE5-6EC4-4324-B698-0BCDF304E9F1}.Debug|Any CPU.ActiveCfg = Debug|Any CPU
		{DFA09CE5-6EC4-4324-B698-0BCDF304E9F1}.Debug|Any CPU.Build.0 = Debug|Any CPU
		{DFA09CE5-6EC4-4324-B698-0BCDF304E9F1}.Release|Any CPU.ActiveCfg = Release|Any CPU
		{DFA09CE5-6EC4-4324-B698-0BCDF304E9F1}.Release|Any CPU.Build.0 = Release|Any CPU
	EndGlobalSection
	GlobalSection(SolutionProperties) = preSolution
		HideSolutionNode = FALSE
	EndGlobalSection
EndGlobal
